
Microsoft Visual Studio Solution File, Format Version 12.00
# Visual Studio Version 16
VisualStudioVersion = 16.0.30002.166
MinimumVisualStudioVersion = 10.0.40219.1
Project("{9A19103F-16F7-4668-BE54-9A1E7A4F7556}") = "GetcuReone.Cdm", "GetcuReone.Cdm\GetcuReone.Cdm.csproj", "{9F481AA7-3A86-48C4-8141-5DDD8155A722}"
EndProject
Project("{2150E333-8FDC-42A3-9474-1A3956D46DE8}") = "Infrastructure", "Infrastructure", "{82F45E4B-56F1-49C9-BC23-840A6565E13A}"
EndProject
Project("{9A19103F-16F7-4668-BE54-9A1E7A4F7556}") = "InfrastructureTests", "Infrastructure\InfrastructureTests\InfrastructureTests.csproj", "{630AD0CB-8B22-474C-BBB3-0AD32FDDC452}"
EndProject
Global
	GlobalSection(SolutionConfigurationPlatforms) = preSolution
		Debug|Any CPU = Debug|Any CPU
		Release|Any CPU = Release|Any CPU
	EndGlobalSection
	GlobalSection(ProjectConfigurationPlatforms) = postSolution
		{9F481AA7-3A86-48C4-8141-5DDD8155A722}.Debug|Any CPU.ActiveCfg = Debug|Any CPU
		{9F481AA7-3A86-48C4-8141-5DDD8155A722}.Debug|Any CPU.Build.0 = Debug|Any CPU
		{9F481AA7-3A86-48C4-8141-5DDD8155A722}.Release|Any CPU.ActiveCfg = Release|Any CPU
		{9F481AA7-3A86-48C4-8141-5DDD8155A722}.Release|Any CPU.Build.0 = Release|Any CPU
		{630AD0CB-8B22-474C-BBB3-0AD32FDDC452}.Debug|Any CPU.ActiveCfg = Debug|Any CPU
		{630AD0CB-8B22-474C-BBB3-0AD32FDDC452}.Debug|Any CPU.Build.0 = Debug|Any CPU
		{630AD0CB-8B22-474C-BBB3-0AD32FDDC452}.Release|Any CPU.ActiveCfg = Release|Any CPU
		{630AD0CB-8B22-474C-BBB3-0AD32FDDC452}.Release|Any CPU.Build.0 = Release|Any CPU
	EndGlobalSection
	GlobalSection(SolutionProperties) = preSolution
		HideSolutionNode = FALSE
	EndGlobalSection
	GlobalSection(NestedProjects) = preSolution
		{630AD0CB-8B22-474C-BBB3-0AD32FDDC452} = {82F45E4B-56F1-49C9-BC23-840A6565E13A}
	EndGlobalSection
	GlobalSection(ExtensibilityGlobals) = postSolution
		SolutionGuid = {5B87C1BE-48FA-4AE6-9D70-E93B6F917D6E}
	EndGlobalSection
EndGlobal
